
Microsoft Visual Studio Solution File, Format Version 12.00
# Visual Studio Version 17
VisualStudioVersion = 17.12.35728.132
MinimumVisualStudioVersion = 10.0.40219.1
Project("{8BC9CEB8-8B4A-11D0-8D11-00A0C91BC942}") = "ch03", "ch03\ch03.vcxproj", "{A76A8297-A51A-42C5-8B37-4B62BE816FE6}"
EndProject
Project("{8BC9CEB8-8B4A-11D0-8D11-00A0C91BC942}") = "Ch04", "Ch04\Ch04.vcxproj", "{333CC813-1B31-4C5F-B3BB-BA70438F6F50}"
EndProject
Project("{8BC9CEB8-8B4A-11D0-8D11-00A0C91BC942}") = "ch05", "ch05\ch05.vcxproj", "{AFFB7000-7F97-4393-A7E8-1FD79A88D454}"
EndProject
Project("{8BC9CEB8-8B4A-11D0-8D11-00A0C91BC942}") = "ch06", "ch06\ch06.vcxproj", "{3811901B-8089-4AF9-9926-55F0B113F8B6}"
EndProject
Project("{8BC9CEB8-8B4A-11D0-8D11-00A0C91BC942}") = "ch07", "ch07\ch07.vcxproj", "{C0E3E398-6D1D-4FCB-A36B-F984CBB2E968}"
EndProject
Global
	GlobalSection(SolutionConfigurationPlatforms) = preSolution
		Debug|x64 = Debug|x64
		Debug|x86 = Debug|x86
		Release|x64 = Release|x64
		Release|x86 = Release|x86
	EndGlobalSection
	GlobalSection(ProjectConfigurationPlatforms) = postSolution
		{A76A8297-A51A-42C5-8B37-4B62BE816FE6}.Debug|x64.ActiveCfg = Debug|x64
		{A76A8297-A51A-42C5-8B37-4B62BE816FE6}.Debug|x64.Build.0 = Debug|x64
		{A76A8297-A51A-42C5-8B37-4B62BE816FE6}.Debug|x86.ActiveCfg = Debug|Win32
		{A76A8297-A51A-42C5-8B37-4B62BE816FE6}.Debug|x86.Build.0 = Debug|Win32
		{A76A8297-A51A-42C5-8B37-4B62BE816FE6}.Release|x64.ActiveCfg = Release|x64
		{A76A8297-A51A-42C5-8B37-4B62BE816FE6}.Release|x64.Build.0 = Release|x64
		{A76A8297-A51A-42C5-8B37-4B62BE816FE6}.Release|x86.ActiveCfg = Release|Win32
		{A76A8297-A51A-42C5-8B37-4B62BE816FE6}.Release|x86.Build.0 = Release|Win32
		{333CC813-1B31-4C5F-B3BB-BA70438F6F50}.Debug|x64.ActiveCfg = Debug|x64
		{333CC813-1B31-4C5F-B3BB-BA70438F6F50}.Debug|x64.Build.0 = Debug|x64
		{333CC813-1B31-4C5F-B3BB-BA70438F6F50}.Debug|x86.ActiveCfg = Debug|Win32
		{333CC813-1B31-4C5F-B3BB-BA70438F6F50}.Debug|x86.Build.0 = Debug|Win32
		{333CC813-1B31-4C5F-B3BB-BA70438F6F50}.Release|x64.ActiveCfg = Release|x64
		{333CC813-1B31-4C5F-B3BB-BA70438F6F50}.Release|x64.Build.0 = Release|x64
		{333CC813-1B31-4C5F-B3BB-BA70438F6F50}.Release|x86.ActiveCfg = Release|Win32
		{333CC813-1B31-4C5F-B3BB-BA70438F6F50}.Release|x86.Build.0 = Release|Win32
		{AFFB7000-7F97-4393-A7E8-1FD79A88D454}.Debug|x64.ActiveCfg = Debug|x64
		{AFFB7000-7F97-4393-A7E8-1FD79A88D454}.Debug|x64.Build.0 = Debug|x64
		{AFFB7000-7F97-4393-A7E8-1FD79A88D454}.Debug|x86.ActiveCfg = Debug|Win32
		{AFFB7000-7F97-4393-A7E8-1FD79A88D454}.Debug|x86.Build.0 = Debug|Win32
		{AFFB7000-7F97-4393-A7E8-1FD79A88D454}.Release|x64.ActiveCfg = Release|x64
		{AFFB7000-7F97-4393-A7E8-1FD79A88D454}.Release|x64.Build.0 = Release|x64
		{AFFB7000-7F97-4393-A7E8-1FD79A88D454}.Release|x86.ActiveCfg = Release|Win32
		{AFFB7000-7F97-4393-A7E8-1FD79A88D454}.Release|x86.Build.0 = Release|Win32
		{3811901B-8089-4AF9-9926-55F0B113F8B6}.Debug|x64.ActiveCfg = Debug|x64
		{3811901B-8089-4AF9-9926-55F0B113F8B6}.Debug|x64.Build.0 = Debug|x64
		{3811901B-8089-4AF9-9926-55F0B113F8B6}.Debug|x86.ActiveCfg = Debug|Win32
		{3811901B-8089-4AF9-9926-55F0B113F8B6}.Debug|x86.Build.0 = Debug|Win32
		{3811901B-8089-4AF9-9926-55F0B113F8B6}.Release|x64.ActiveCfg = Release|x64
		{3811901B-8089-4AF9-9926-55F0B113F8B6}.Release|x64.Build.0 = Release|x64
		{3811901B-8089-4AF9-9926-55F0B113F8B6}.Release|x86.ActiveCfg = Release|Win32
		{3811901B-8089-4AF9-9926-55F0B113F8B6}.Release|x86.Build.0 = Release|Win32
		{C0E3E398-6D1D-4FCB-A36B-F984CBB2E968}.Debug|x64.ActiveCfg = Debug|x64
		{C0E3E398-6D1D-4FCB-A36B-F984CBB2E968}.Debug|x64.Build.0 = Debug|x64
		{C0E3E398-6D1D-4FCB-A36B-F984CBB2E968}.Debug|x86.ActiveCfg = Debug|Win32
		{C0E3E398-6D1D-4FCB-A36B-F984CBB2E968}.Debug|x86.Build.0 = Debug|Win32
		{C0E3E398-6D1D-4FCB-A36B-F984CBB2E968}.Release|x64.ActiveCfg = Release|x64
		{C0E3E398-6D1D-4FCB-A36B-F984CBB2E968}.Release|x64.Build.0 = Release|x64
		{C0E3E398-6D1D-4FCB-A36B-F984CBB2E968}.Release|x86.ActiveCfg = Release|Win32
		{C0E3E398-6D1D-4FCB-A36B-F984CBB2E968}.Release|x86.Build.0 = Release|Win32
	EndGlobalSection
	GlobalSection(SolutionProperties) = preSolution
		HideSolutionNode = FALSE
	EndGlobalSection
	GlobalSection(ExtensibilityGlobals) = postSolution
		SolutionGuid = {6986F37E-BD70-4160-BC83-D42A60E34540}
	EndGlobalSection
EndGlobal
